{
  "name": "wetype-accent",
  "version": "0.2.0",
  "lockfileVersion": 3,
  "requires": true,
  "packages": {
    "": {
      "name": "wetype-accent",
      "version": "0.2.0",
      "license": "MIT",
      "os": [
        "darwin"
      ],
      "bin": {
        "wetype-accent": "bin/wetype-accent.mjs"
      },
      "engines": {
        "node": ">=18"
      }
    }
  }
}
